
Microsoft Visual Studio Solution File, Format Version 12.00
# Visual Studio 14
VisualStudioVersion = 14.0.25420.1
MinimumVisualStudioVersion = 10.0.40219.1
Project("{FAE04EC0-301F-11D3-BF4B-00C04F79EFBC}") = "JPT-KARPRO", "JPT-KARPRO\JPT-KARPRO.csproj", "{EC8AFE20-FA80-445B-8F9D-68E9463C46EE}"
EndProject
Project("{2150E333-8FDC-42A3-9474-1A3956D46DE8}") = "Solution Items", "Solution Items", "{004F9C2F-E51A-4F3D-9987-01A6D88D4B3F}"
	ProjectSection(SolutionItems) = preProject
		C:\Users\OVOPPT184\Music\Tut_dbImageNet2005\Form1.cs = C:\Users\OVOPPT184\Music\Tut_dbImageNet2005\Form1.cs
		C:\Users\OVOPPT184\Music\Tut_dbImageNet2005\Form1.resx = C:\Users\OVOPPT184\Music\Tut_dbImageNet2005\Form1.resx
	EndProjectSection
EndProject
Global
	GlobalSection(SolutionConfigurationPlatforms) = preSolution
		Debug|Any CPU = Debug|Any CPU
		Debug|x86 = Debug|x86
		Release|Any CPU = Release|Any CPU
		Release|x86 = Release|x86
	EndGlobalSection
	GlobalSection(ProjectConfigurationPlatforms) = postSolution
		{EC8AFE20-FA80-445B-8F9D-68E9463C46EE}.Debug|Any CPU.ActiveCfg = Debug|Any CPU
		{EC8AFE20-FA80-445B-8F9D-68E9463C46EE}.Debug|Any CPU.Build.0 = Debug|Any CPU
		{EC8AFE20-FA80-445B-8F9D-68E9463C46EE}.Debug|x86.ActiveCfg = Debug|x86
		{EC8AFE20-FA80-445B-8F9D-68E9463C46EE}.Debug|x86.Build.0 = Debug|x86
		{EC8AFE20-FA80-445B-8F9D-68E9463C46EE}.Release|Any CPU.ActiveCfg = Release|Any CPU
		{EC8AFE20-FA80-445B-8F9D-68E9463C46EE}.Release|Any CPU.Build.0 = Release|Any CPU
		{EC8AFE20-FA80-445B-8F9D-68E9463C46EE}.Release|x86.ActiveCfg = Release|x86
		{EC8AFE20-FA80-445B-8F9D-68E9463C46EE}.Release|x86.Build.0 = Release|x86
	EndGlobalSection
	GlobalSection(SolutionProperties) = preSolution
		HideSolutionNode = FALSE
	EndGlobalSection
EndGlobal
